// !$*UTF8*$!
{
	archiveVersion = 1;
	classes = {
	};
	objectVersion = 46;
	objects = {

/* Begin PBXBuildFile section */
		2F469BD11A88353900B4FACA /* Tweets.m in Sources */ = {isa = PBXBuildFile; fileRef = 2F469BD01A88353900B4FACA /* Tweets.m */; };
		2F469BD51A88356200B4FACA /* User.m in Sources */ = {isa = PBXBuildFile; fileRef = 2F469BD41A88356200B4FACA /* User.m */; };
		2F469BD91A88736600B4FACA /* tweetsViewController.m in Sources */ = {isa = PBXBuildFile; fileRef = 2F469BD71A88736600B4FACA /* tweetsViewController.m */; };
		2F469BDA1A88736600B4FACA /* tweetsViewController.xib in Resources */ = {isa = PBXBuildFile; fileRef = 2F469BD81A88736600B4FACA /* tweetsViewController.xib */; };
		2F5439951A89F53F00777B44 /* TweetCell.m in Sources */ = {isa = PBXBuildFile; fileRef = 2F5439921A89F53F00777B44 /* TweetCell.m */; };
		2F5439961A89F53F00777B44 /* TweetCell.xib in Resources */ = {isa = PBXBuildFile; fileRef = 2F5439941A89F53F00777B44 /* TweetCell.xib */; };
		2F54399A1A8A009B00777B44 /* UIView+SuperView.m in Sources */ = {isa = PBXBuildFile; fileRef = 2F5439991A8A009B00777B44 /* UIView+SuperView.m */; };
		2F9CBC441A8C979900803CA0 /* TweetViewController.m in Sources */ = {isa = PBXBuildFile; fileRef = 2F9CBC421A8C979900803CA0 /* TweetViewController.m */; };
		2FA7B8701A8CA13A00CBA786 /* TweetViewController.xib in Resources */ = {isa = PBXBuildFile; fileRef = 2FA7B86F1A8CA13A00CBA786 /* TweetViewController.xib */; };
		2FBD12D11A8B3A63002CEE06 /* ComposeViewController.m in Sources */ = {isa = PBXBuildFile; fileRef = 2FBD12CF1A8B3A63002CEE06 /* ComposeViewController.m */; };
		2FBD12D21A8B3A63002CEE06 /* ComposeViewController.xib in Resources */ = {isa = PBXBuildFile; fileRef = 2FBD12D01A8B3A63002CEE06 /* ComposeViewController.xib */; };
		2FC473D71A875E33000BD28C /* main.m in Sources */ = {isa = PBXBuildFile; fileRef = 2FC473D61A875E33000BD28C /* main.m */; };
		2FC473DA1A875E33000BD28C /* AppDelegate.m in Sources */ = {isa = PBXBuildFile; fileRef = 2FC473D91A875E33000BD28C /* AppDelegate.m */; };
		2FC473E21A875E33000BD28C /* Images.xcassets in Resources */ = {isa = PBXBuildFile; fileRef = 2FC473E11A875E33000BD28C /* Images.xcassets */; };
		2FC473E51A875E33000BD28C /* LaunchScreen.xib in Resources */ = {isa = PBXBuildFile; fileRef = 2FC473E31A875E33000BD28C /* LaunchScreen.xib */; };
		2FC473F11A875E33000BD28C /* week3homeworkTests.m in Sources */ = {isa = PBXBuildFile; fileRef = 2FC473F01A875E33000BD28C /* week3homeworkTests.m */; };
		2FC473FD1A8762BF000BD28C /* LoginViewController.m in Sources */ = {isa = PBXBuildFile; fileRef = 2FC473FB1A8762BF000BD28C /* LoginViewController.m */; };
		2FC473FE1A8762BF000BD28C /* LoginViewController.xib in Resources */ = {isa = PBXBuildFile; fileRef = 2FC473FC1A8762BF000BD28C /* LoginViewController.xib */; };
		2FC474041A8767AC000BD28C /* TwitterClient.m in Sources */ = {isa = PBXBuildFile; fileRef = 2FC474031A8767AC000BD28C /* TwitterClient.m */; };
		2FD093AF1A92FD18000578EF /* MentionsViewController.m in Sources */ = {isa = PBXBuildFile; fileRef = 2FD093AD1A92FD18000578EF /* MentionsViewController.m */; };
		2FD093B01A92FD18000578EF /* MentionsViewController.xib in Resources */ = {isa = PBXBuildFile; fileRef = 2FD093AE1A92FD18000578EF /* MentionsViewController.xib */; };
		2FD093B71A92FD27000578EF /* ProfileViewController.m in Sources */ = {isa = PBXBuildFile; fileRef = 2FD093B21A92FD27000578EF /* ProfileViewController.m */; };
		2FD093B81A92FD27000578EF /* ProfileViewController.xib in Resources */ = {isa = PBXBuildFile; fileRef = 2FD093B31A92FD27000578EF /* ProfileViewController.xib */; };
		2FD093B91A92FD27000578EF /* MenuViewController.m in Sources */ = {isa = PBXBuildFile; fileRef = 2FD093B51A92FD27000578EF /* MenuViewController.m */; };
		2FD093BA1A92FD27000578EF /* MenuViewController.xib in Resources */ = {isa = PBXBuildFile; fileRef = 2FD093B61A92FD27000578EF /* MenuViewController.xib */; };
		2FD093BE1A92FFBF000578EF /* ProfileCell.m in Sources */ = {isa = PBXBuildFile; fileRef = 2FD093BC1A92FFBF000578EF /* ProfileCell.m */; };
		2FD093BF1A92FFBF000578EF /* ProfileCell.xib in Resources */ = {isa = PBXBuildFile; fileRef = 2FD093BD1A92FFBF000578EF /* ProfileCell.xib */; };
		C802EA9366284458178ECFC0 /* libPods.a in Frameworks */ = {isa = PBXBuildFile; fileRef = 4FBBC578D2737264F58B90A8 /* libPods.a */; };
/* End PBXBuildFile section */

/* Begin PBXContainerItemProxy section */
		2FC473EB1A875E33000BD28C /* PBXContainerItemProxy */ = {
			isa = PBXContainerItemProxy;
			containerPortal = 2FC473C91A875E33000BD28C /* Project object */;
			proxyType = 1;
			remoteGlobalIDString = 2FC473D01A875E33000BD28C;
			remoteInfo = week3homework;
		};
/* End PBXContainerItemProxy section */

/* Begin PBXFileReference section */
		2F469BCF1A88353900B4FACA /* Tweets.h */ = {isa = PBXFileReference; fileEncoding = 4; lastKnownFileType = sourcecode.c.h; path = Tweets.h; sourceTree = "<group>"; };
		2F469BD01A88353900B4FACA /* Tweets.m */ = {isa = PBXFileReference; fileEncoding = 4; lastKnownFileType = sourcecode.c.objc; path = Tweets.m; sourceTree = "<group>"; };
		2F469BD31A88356200B4FACA /* User.h */ = {isa = PBXFileReference; fileEncoding = 4; lastKnownFileType = sourcecode.c.h; path = User.h; sourceTree = "<group>"; };
		2F469BD41A88356200B4FACA /* User.m */ = {isa = PBXFileReference; fileEncoding = 4; lastKnownFileType = sourcecode.c.objc; path = User.m; sourceTree = "<group>"; };
		2F469BD61A88736600B4FACA /* tweetsViewController.h */ = {isa = PBXFileReference; fileEncoding = 4; lastKnownFileType = sourcecode.c.h; path = tweetsViewController.h; sourceTree = "<group>"; };
		2F469BD71A88736600B4FACA /* tweetsViewController.m */ = {isa = PBXFileReference; fileEncoding = 4; lastKnownFileType = sourcecode.c.objc; path = tweetsViewController.m; sourceTree = "<group>"; };
		2F469BD81A88736600B4FACA /* tweetsViewController.xib */ = {isa = PBXFileReference; fileEncoding = 4; lastKnownFileType = file.xib; path = tweetsViewController.xib; sourceTree = "<group>"; };
		2F5439921A89F53F00777B44 /* TweetCell.m */ = {isa = PBXFileReference; fileEncoding = 4; lastKnownFileType = sourcecode.c.objc; path = TweetCell.m; sourceTree = "<group>"; };
		2F5439931A89F53F00777B44 /* TweetCell.h */ = {isa = PBXFileReference; fileEncoding = 4; lastKnownFileType = sourcecode.c.h; path = TweetCell.h; sourceTree = "<group>"; };
		2F5439941A89F53F00777B44 /* TweetCell.xib */ = {isa = PBXFileReference; fileEncoding = 4; lastKnownFileType = file.xib; path = TweetCell.xib; sourceTree = "<group>"; };
		2F5439981A8A009B00777B44 /* UIView+SuperView.h */ = {isa = PBXFileReference; fileEncoding = 4; lastKnownFileType = sourcecode.c.h; path = "UIView+SuperView.h"; sourceTree = "<group>"; };
		2F5439991A8A009B00777B44 /* UIView+SuperView.m */ = {isa = PBXFileReference; fileEncoding = 4; lastKnownFileType = sourcecode.c.objc; path = "UIView+SuperView.m"; sourceTree = "<group>"; };
		2F9CBC411A8C979900803CA0 /* TweetViewController.h */ = {isa = PBXFileReference; fileEncoding = 4; lastKnownFileType = sourcecode.c.h; path = TweetViewController.h; sourceTree = "<group>"; };
		2F9CBC421A8C979900803CA0 /* TweetViewController.m */ = {isa = PBXFileReference; fileEncoding = 4; lastKnownFileType = sourcecode.c.objc; path = TweetViewController.m; sourceTree = "<group>"; };
		2FA7B86F1A8CA13A00CBA786 /* TweetViewController.xib */ = {isa = PBXFileReference; fileEncoding = 4; lastKnownFileType = file.xib; path = TweetViewController.xib; sourceTree = "<group>"; };
		2FBD12CE1A8B3A63002CEE06 /* ComposeViewController.h */ = {isa = PBXFileReference; fileEncoding = 4; lastKnownFileType = sourcecode.c.h; path = ComposeViewController.h; sourceTree = "<group>"; };
		2FBD12CF1A8B3A63002CEE06 /* ComposeViewController.m */ = {isa = PBXFileReference; fileEncoding = 4; lastKnownFileType = sourcecode.c.objc; path = ComposeViewController.m; sourceTree = "<group>"; };
		2FBD12D01A8B3A63002CEE06 /* ComposeViewController.xib */ = {isa = PBXFileReference; fileEncoding = 4; lastKnownFileType = file.xib; path = ComposeViewController.xib; sourceTree = "<group>"; };
		2FC473D11A875E33000BD28C /* week3homework.app */ = {isa = PBXFileReference; explicitFileType = wrapper.application; includeInIndex = 0; path = week3homework.app; sourceTree = BUILT_PRODUCTS_DIR; };
		2FC473D51A875E33000BD28C /* Info.plist */ = {isa = PBXFileReference; lastKnownFileType = text.plist.xml; path = Info.plist; sourceTree = "<group>"; };
		2FC473D61A875E33000BD28C /* main.m */ = {isa = PBXFileReference; lastKnownFileType = sourcecode.c.objc; path = main.m; sourceTree = "<group>"; };
		2FC473D81A875E33000BD28C /* AppDelegate.h */ = {isa = PBXFileReference; lastKnownFileType = sourcecode.c.h; path = AppDelegate.h; sourceTree = "<group>"; };
		2FC473D91A875E33000BD28C /* AppDelegate.m */ = {isa = PBXFileReference; lastKnownFileType = sourcecode.c.objc; path = AppDelegate.m; sourceTree = "<group>"; };
		2FC473E11A875E33000BD28C /* Images.xcassets */ = {isa = PBXFileReference; lastKnownFileType = folder.assetcatalog; path = Images.xcassets; sourceTree = "<group>"; };
		2FC473E41A875E33000BD28C /* Base */ = {isa = PBXFileReference; lastKnownFileType = file.xib; name = Base; path = Base.lproj/LaunchScreen.xib; sourceTree = "<group>"; };
		2FC473EA1A875E33000BD28C /* week3homeworkTests.xctest */ = {isa = PBXFileReference; explicitFileType = wrapper.cfbundle; includeInIndex = 0; path = week3homeworkTests.xctest; sourceTree = BUILT_PRODUCTS_DIR; };
		2FC473EF1A875E33000BD28C /* Info.plist */ = {isa = PBXFileReference; lastKnownFileType = text.plist.xml; path = Info.plist; sourceTree = "<group>"; };
		2FC473F01A875E33000BD28C /* week3homeworkTests.m */ = {isa = PBXFileReference; lastKnownFileType = sourcecode.c.objc; path = week3homeworkTests.m; sourceTree = "<group>"; };
		2FC473FA1A8762BF000BD28C /* LoginViewController.h */ = {isa = PBXFileReference; fileEncoding = 4; lastKnownFileType = sourcecode.c.h; path = LoginViewController.h; sourceTree = "<group>"; };
		2FC473FB1A8762BF000BD28C /* LoginViewController.m */ = {isa = PBXFileReference; fileEncoding = 4; lastKnownFileType = sourcecode.c.objc; path = LoginViewController.m; sourceTree = "<group>"; };
		2FC473FC1A8762BF000BD28C /* LoginViewController.xib */ = {isa = PBXFileReference; fileEncoding = 4; lastKnownFileType = file.xib; path = LoginViewController.xib; sourceTree = "<group>"; };
		2FC474021A8767AC000BD28C /* TwitterClient.h */ = {isa = PBXFileReference; fileEncoding = 4; lastKnownFileType = sourcecode.c.h; path = TwitterClient.h; sourceTree = "<group>"; };
		2FC474031A8767AC000BD28C /* TwitterClient.m */ = {isa = PBXFileReference; fileEncoding = 4; lastKnownFileType = sourcecode.c.objc; path = TwitterClient.m; sourceTree = "<group>"; };
		2FD093AC1A92FD18000578EF /* MentionsViewController.h */ = {isa = PBXFileReference; fileEncoding = 4; lastKnownFileType = sourcecode.c.h; path = MentionsViewController.h; sourceTree = "<group>"; };
		2FD093AD1A92FD18000578EF /* MentionsViewController.m */ = {isa = PBXFileReference; fileEncoding = 4; lastKnownFileType = sourcecode.c.objc; path = MentionsViewController.m; sourceTree = "<group>"; };
		2FD093AE1A92FD18000578EF /* MentionsViewController.xib */ = {isa = PBXFileReference; fileEncoding = 4; lastKnownFileType = file.xib; path = MentionsViewController.xib; sourceTree = "<group>"; };
		2FD093B11A92FD27000578EF /* ProfileViewController.h */ = {isa = PBXFileReference; fileEncoding = 4; lastKnownFileType = sourcecode.c.h; path = ProfileViewController.h; sourceTree = "<group>"; };
		2FD093B21A92FD27000578EF /* ProfileViewController.m */ = {isa = PBXFileReference; fileEncoding = 4; lastKnownFileType = sourcecode.c.objc; path = ProfileViewController.m; sourceTree = "<group>"; };
		2FD093B31A92FD27000578EF /* ProfileViewController.xib */ = {isa = PBXFileReference; fileEncoding = 4; lastKnownFileType = file.xib; path = ProfileViewController.xib; sourceTree = "<group>"; };
		2FD093B41A92FD27000578EF /* MenuViewController.h */ = {isa = PBXFileReference; fileEncoding = 4; lastKnownFileType = sourcecode.c.h; path = MenuViewController.h; sourceTree = "<group>"; };
		2FD093B51A92FD27000578EF /* MenuViewController.m */ = {isa = PBXFileReference; fileEncoding = 4; lastKnownFileType = sourcecode.c.objc; path = MenuViewController.m; sourceTree = "<group>"; };
		2FD093B61A92FD27000578EF /* MenuViewController.xib */ = {isa = PBXFileReference; fileEncoding = 4; lastKnownFileType = file.xib; path = MenuViewController.xib; sourceTree = "<group>"; };
		2FD093BB1A92FFBF000578EF /* ProfileCell.h */ = {isa = PBXFileReference; fileEncoding = 4; lastKnownFileType = sourcecode.c.h; path = ProfileCell.h; sourceTree = "<group>"; };
		2FD093BC1A92FFBF000578EF /* ProfileCell.m */ = {isa = PBXFileReference; fileEncoding = 4; lastKnownFileType = sourcecode.c.objc; path = ProfileCell.m; sourceTree = "<group>"; };
		2FD093BD1A92FFBF000578EF /* ProfileCell.xib */ = {isa = PBXFileReference; fileEncoding = 4; lastKnownFileType = file.xib; path = ProfileCell.xib; sourceTree = "<group>"; };
		4FBBC578D2737264F58B90A8 /* libPods.a */ = {isa = PBXFileReference; explicitFileType = archive.ar; includeInIndex = 0; path = libPods.a; sourceTree = BUILT_PRODUCTS_DIR; };
		8C34F611E3820F2D2580B7B5 /* Pods.debug.xcconfig */ = {isa = PBXFileReference; includeInIndex = 1; lastKnownFileType = text.xcconfig; name = Pods.debug.xcconfig; path = "Pods/Target Support Files/Pods/Pods.debug.xcconfig"; sourceTree = "<group>"; };
		A8C86B733CD5A73FE8500F8F /* Pods.release.xcconfig */ = {isa = PBXFileReference; includeInIndex = 1; lastKnownFileType = text.xcconfig; name = Pods.release.xcconfig; path = "Pods/Target Support Files/Pods/Pods.release.xcconfig"; sourceTree = "<group>"; };
/* End PBXFileReference section */

/* Begin PBXFrameworksBuildPhase section */
		2FC473CE1A875E33000BD28C /* Frameworks */ = {
			isa = PBXFrameworksBuildPhase;
			buildActionMask = 2147483647;
			files = (
				C802EA9366284458178ECFC0 /* libPods.a in Frameworks */,
			);
			runOnlyForDeploymentPostprocessing = 0;
		};
		2FC473E71A875E33000BD28C /* Frameworks */ = {
			isa = PBXFrameworksBuildPhase;
			buildActionMask = 2147483647;
			files = (
			);
			runOnlyForDeploymentPostprocessing = 0;
		};
/* End PBXFrameworksBuildPhase section */

/* Begin PBXGroup section */
		2629019747792EC9CF232F15 /* Pods */ = {
			isa = PBXGroup;
			children = (
				8C34F611E3820F2D2580B7B5 /* Pods.debug.xcconfig */,
				A8C86B733CD5A73FE8500F8F /* Pods.release.xcconfig */,
			);
			name = Pods;
			sourceTree = "<group>";
		};
		2F469BD21A88354200B4FACA /* Models */ = {
			isa = PBXGroup;
			children = (
				2F469BCF1A88353900B4FACA /* Tweets.h */,
				2F469BD01A88353900B4FACA /* Tweets.m */,
				2F469BD31A88356200B4FACA /* User.h */,
				2F469BD41A88356200B4FACA /* User.m */,
			);
			name = Models;
			sourceTree = "<group>";
		};
		2F54398C1A89F41D00777B44 /* View */ = {
			isa = PBXGroup;
			children = (
				2FD093BB1A92FFBF000578EF /* ProfileCell.h */,
				2FD093BC1A92FFBF000578EF /* ProfileCell.m */,
				2FD093BD1A92FFBF000578EF /* ProfileCell.xib */,
				2F5439931A89F53F00777B44 /* TweetCell.h */,
				2F5439921A89F53F00777B44 /* TweetCell.m */,
				2F5439941A89F53F00777B44 /* TweetCell.xib */,
			);
			name = View;
			sourceTree = "<group>";
		};
		2F5439971A8A006900777B44 /* Categories */ = {
			isa = PBXGroup;
			children = (
				2F5439981A8A009B00777B44 /* UIView+SuperView.h */,
				2F5439991A8A009B00777B44 /* UIView+SuperView.m */,
			);
			name = Categories;
			sourceTree = "<group>";
		};
		2FC473C81A875E33000BD28C = {
			isa = PBXGroup;
			children = (
				2FC473D31A875E33000BD28C /* week3homework */,
				2FC473ED1A875E33000BD28C /* week3homeworkTests */,
				2FC473D21A875E33000BD28C /* Products */,
				2629019747792EC9CF232F15 /* Pods */,
				3F52A361FAE456F26AF96453 /* Frameworks */,
			);
			sourceTree = "<group>";
		};
		2FC473D21A875E33000BD28C /* Products */ = {
			isa = PBXGroup;
			children = (
				2FC473D11A875E33000BD28C /* week3homework.app */,
				2FC473EA1A875E33000BD28C /* week3homeworkTests.xctest */,
			);
			name = Products;
			sourceTree = "<group>";
		};
		2FC473D31A875E33000BD28C /* week3homework */ = {
			isa = PBXGroup;
			children = (
				2F5439971A8A006900777B44 /* Categories */,
				2F469BD21A88354200B4FACA /* Models */,
				2F54398C1A89F41D00777B44 /* View */,
				2FC473D81A875E33000BD28C /* AppDelegate.h */,
				2FC473D91A875E33000BD28C /* AppDelegate.m */,
				2FC473FA1A8762BF000BD28C /* LoginViewController.h */,
				2FC473FB1A8762BF000BD28C /* LoginViewController.m */,
				2FC473FC1A8762BF000BD28C /* LoginViewController.xib */,
				2FC474021A8767AC000BD28C /* TwitterClient.h */,
				2FC474031A8767AC000BD28C /* TwitterClient.m */,
				2FBD12CE1A8B3A63002CEE06 /* ComposeViewController.h */,
				2FBD12CF1A8B3A63002CEE06 /* ComposeViewController.m */,
				2FBD12D01A8B3A63002CEE06 /* ComposeViewController.xib */,
				2F469BD61A88736600B4FACA /* tweetsViewController.h */,
				2F469BD71A88736600B4FACA /* tweetsViewController.m */,
				2F469BD81A88736600B4FACA /* tweetsViewController.xib */,
				2F9CBC411A8C979900803CA0 /* TweetViewController.h */,
				2F9CBC421A8C979900803CA0 /* TweetViewController.m */,
				2FA7B86F1A8CA13A00CBA786 /* TweetViewController.xib */,
				2FD093AC1A92FD18000578EF /* MentionsViewController.h */,
				2FD093AD1A92FD18000578EF /* MentionsViewController.m */,
				2FD093AE1A92FD18000578EF /* MentionsViewController.xib */,
				2FD093B11A92FD27000578EF /* ProfileViewController.h */,
				2FD093B21A92FD27000578EF /* ProfileViewController.m */,
				2FD093B31A92FD27000578EF /* ProfileViewController.xib */,
				2FD093B41A92FD27000578EF /* MenuViewController.h */,
				2FD093B51A92FD27000578EF /* MenuViewController.m */,
				2FD093B61A92FD27000578EF /* MenuViewController.xib */,
				2FC473E11A875E33000BD28C /* Images.xcassets */,
				2FC473E31A875E33000BD28C /* LaunchScreen.xib */,
				2FC473D41A875E33000BD28C /* Supporting Files */,
			);
			path = week3homework;
			sourceTree = "<group>";
		};
		2FC473D41A875E33000BD28C /* Supporting Files */ = {
			isa = PBXGroup;
			children = (
				2FC473D51A875E33000BD28C /* Info.plist */,
				2FC473D61A875E33000BD28C /* main.m */,
			);
			name = "Supporting Files";
			sourceTree = "<group>";
		};
		2FC473ED1A875E33000BD28C /* week3homeworkTests */ = {
			isa = PBXGroup;
			children = (
				2FC473F01A875E33000BD28C /* week3homeworkTests.m */,
				2FC473EE1A875E33000BD28C /* Supporting Files */,
			);
			path = week3homeworkTests;
			sourceTree = "<group>";
		};
		2FC473EE1A875E33000BD28C /* Supporting Files */ = {
			isa = PBXGroup;
			children = (
				2FC473EF1A875E33000BD28C /* Info.plist */,
			);
			name = "Supporting Files";
			sourceTree = "<group>";
		};
		3F52A361FAE456F26AF96453 /* Frameworks */ = {
			isa = PBXGroup;
			children = (
				4FBBC578D2737264F58B90A8 /* libPods.a */,
			);
			name = Frameworks;
			sourceTree = "<group>";
		};
/* End PBXGroup section */

/* Begin PBXNativeTarget section */
		2FC473D01A875E33000BD28C /* week3homework */ = {
			isa = PBXNativeTarget;
			buildConfigurationList = 2FC473F41A875E33000BD28C /* Build configuration list for PBXNativeTarget "week3homework" */;
			buildPhases = (
				37157A0AAEA1517B9BEFDB7A /* Check Pods Manifest.lock */,
				2FC473CD1A875E33000BD28C /* Sources */,
				2FC473CE1A875E33000BD28C /* Frameworks */,
				2FC473CF1A875E33000BD28C /* Resources */,
				7007D028596675FC5448F0D9 /* Copy Pods Resources */,
			);
			buildRules = (
			);
			dependencies = (
			);
			name = week3homework;
			productName = week3homework;
			productReference = 2FC473D11A875E33000BD28C /* week3homework.app */;
			productType = "com.apple.product-type.application";
		};
		2FC473E91A875E33000BD28C /* week3homeworkTests */ = {
			isa = PBXNativeTarget;
			buildConfigurationList = 2FC473F71A875E33000BD28C /* Build configuration list for PBXNativeTarget "week3homeworkTests" */;
			buildPhases = (
				2FC473E61A875E33000BD28C /* Sources */,
				2FC473E71A875E33000BD28C /* Frameworks */,
				2FC473E81A875E33000BD28C /* Resources */,
			);
			buildRules = (
			);
			dependencies = (
				2FC473EC1A875E33000BD28C /* PBXTargetDependency */,
			);
			name = week3homeworkTests;
			productName = week3homeworkTests;
			productReference = 2FC473EA1A875E33000BD28C /* week3homeworkTests.xctest */;
			productType = "com.apple.product-type.bundle.unit-test";
		};
/* End PBXNativeTarget section */

/* Begin PBXProject section */
		2FC473C91A875E33000BD28C /* Project object */ = {
			isa = PBXProject;
			attributes = {
				LastUpgradeCheck = 0610;
				ORGANIZATIONNAME = "Weiyan Lin";
				TargetAttributes = {
					2FC473D01A875E33000BD28C = {
						CreatedOnToolsVersion = 6.1;
					};
					2FC473E91A875E33000BD28C = {
						CreatedOnToolsVersion = 6.1;
						TestTargetID = 2FC473D01A875E33000BD28C;
					};
				};
			};
			buildConfigurationList = 2FC473CC1A875E33000BD28C /* Build configuration list for PBXProject "week3homework" */;
			compatibilityVersion = "Xcode 3.2";
			developmentRegion = English;
			hasScannedForEncodings = 0;
			knownRegions = (
				en,
				Base,
			);
			mainGroup = 2FC473C81A875E33000BD28C;
			productRefGroup = 2FC473D21A875E33000BD28C /* Products */;
			projectDirPath = "";
			projectRoot = "";
			targets = (
				2FC473D01A875E33000BD28C /* week3homework */,
				2FC473E91A875E33000BD28C /* week3homeworkTests */,
			);
		};
/* End PBXProject section */

/* Begin PBXResourcesBuildPhase section */
		2FC473CF1A875E33000BD28C /* Resources */ = {
			isa = PBXResourcesBuildPhase;
			buildActionMask = 2147483647;
			files = (
				2FD093B81A92FD27000578EF /* ProfileViewController.xib in Resources */,
				2F469BDA1A88736600B4FACA /* tweetsViewController.xib in Resources */,
				2FA7B8701A8CA13A00CBA786 /* TweetViewController.xib in Resources */,
				2FBD12D21A8B3A63002CEE06 /* ComposeViewController.xib in Resources */,
				2FD093BF1A92FFBF000578EF /* ProfileCell.xib in Resources */,
				2F5439961A89F53F00777B44 /* TweetCell.xib in Resources */,
				2FC473E51A875E33000BD28C /* LaunchScreen.xib in Resources */,
				2FC473E21A875E33000BD28C /* Images.xcassets in Resources */,
				2FD093BA1A92FD27000578EF /* MenuViewController.xib in Resources */,
				2FC473FE1A8762BF000BD28C /* LoginViewController.xib in Resources */,
				2FD093B01A92FD18000578EF /* MentionsViewController.xib in Resources */,
			);
			runOnlyForDeploymentPostprocessing = 0;
		};
		2FC473E81A875E33000BD28C /* Resources */ = {
			isa = PBXResourcesBuildPhase;
			buildActionMask = 2147483647;
			files = (
			);
			runOnlyForDeploymentPostprocessing = 0;
		};
/* End PBXResourcesBuildPhase section */

/* Begin PBXShellScriptBuildPhase section */
		37157A0AAEA1517B9BEFDB7A /* Check Pods Manifest.lock */ = {
			isa = PBXShellScriptBuildPhase;
			buildActionMask = 2147483647;
			files = (
			);
			inputPaths = (
			);
			name = "Check Pods Manifest.lock";
			outputPaths = (
			);
			runOnlyForDeploymentPostprocessing = 0;
			shellPath = /bin/sh;
			shellScript = "diff \"${PODS_ROOT}/../Podfile.lock\" \"${PODS_ROOT}/Manifest.lock\" > /dev/null\nif [[ $? != 0 ]] ; then\n    cat << EOM\nerror: The sandbox is not in sync with the Podfile.lock. Run 'pod install' or update your CocoaPods installation.\nEOM\n    exit 1\nfi\n";
			showEnvVarsInLog = 0;
		};
		7007D028596675FC5448F0D9 /* Copy Pods Resources */ = {
			isa = PBXShellScriptBuildPhase;
			buildActionMask = 2147483647;
			files = (
			);
			inputPaths = (
			);
			name = "Copy Pods Resources";
			outputPaths = (
			);
			runOnlyForDeploymentPostprocessing = 0;
			shellPath = /bin/sh;
			shellScript = "\"${SRCROOT}/Pods/Target Support Files/Pods/Pods-resources.sh\"\n";
			showEnvVarsInLog = 0;
		};
/* End PBXShellScriptBuildPhase section */

/* Begin PBXSourcesBuildPhase section */
		2FC473CD1A875E33000BD28C /* Sources */ = {
			isa = PBXSourcesBuildPhase;
			buildActionMask = 2147483647;
			files = (
				2FC474041A8767AC000BD28C /* TwitterClient.m in Sources */,
				2FC473DA1A875E33000BD28C /* AppDelegate.m in Sources */,
				2F469BD51A88356200B4FACA /* User.m in Sources */,
				2FD093AF1A92FD18000578EF /* MentionsViewController.m in Sources */,
				2FD093BE1A92FFBF000578EF /* ProfileCell.m in Sources */,
				2FBD12D11A8B3A63002CEE06 /* ComposeViewController.m in Sources */,
				2F469BD91A88736600B4FACA /* tweetsViewController.m in Sources */,
				2F9CBC441A8C979900803CA0 /* TweetViewController.m in Sources */,
				2F469BD11A88353900B4FACA /* Tweets.m in Sources */,
				2FC473D71A875E33000BD28C /* main.m in Sources */,
				2FD093B71A92FD27000578EF /* ProfileViewController.m in Sources */,
				2F54399A1A8A009B00777B44 /* UIView+SuperView.m in Sources */,
				2FD093B91A92FD27000578EF /* MenuViewController.m in Sources */,
				2FC473FD1A8762BF000BD28C /* LoginViewController.m in Sources */,
				2F5439951A89F53F00777B44 /* TweetCell.m in Sources */,
			);
			runOnlyForDeploymentPostprocessing = 0;
		};
		2FC473E61A875E33000BD28C /* Sources */ = {
			isa = PBXSourcesBuildPhase;
			buildActionMask = 2147483647;
			files = (
				2FC473F11A875E33000BD28C /* week3homeworkTests.m in Sources */,
			);
			runOnlyForDeploymentPostprocessing = 0;
		};
/* End PBXSourcesBuildPhase section */

/* Begin PBXTargetDependency section */
		2FC473EC1A875E33000BD28C /* PBXTargetDependency */ = {
			isa = PBXTargetDependency;
			target = 2FC473D01A875E33000BD28C /* week3homework */;
			targetProxy = 2FC473EB1A875E33000BD28C /* PBXContainerItemProxy */;
		};
/* End PBXTargetDependency section */

/* Begin PBXVariantGroup section */
		2FC473E31A875E33000BD28C /* LaunchScreen.xib */ = {
			isa = PBXVariantGroup;
			children = (
				2FC473E41A875E33000BD28C /* Base */,
			);
			name = LaunchScreen.xib;
			sourceTree = "<group>";
		};
/* End PBXVariantGroup section */

/* Begin XCBuildConfiguration section */
		2FC473F21A875E33000BD28C /* Debug */ = {
			isa = XCBuildConfiguration;
			buildSettings = {
				ALWAYS_SEARCH_USER_PATHS = NO;
				CLANG_CXX_LANGUAGE_STANDARD = "gnu++0x";
				CLANG_CXX_LIBRARY = "libc++";
				CLANG_ENABLE_MODULES = YES;
				CLANG_ENABLE_OBJC_ARC = YES;
				CLANG_WARN_BOOL_CONVERSION = YES;
				CLANG_WARN_CONSTANT_CONVERSION = YES;
				CLANG_WARN_DIRECT_OBJC_ISA_USAGE = YES_ERROR;
				CLANG_WARN_EMPTY_BODY = YES;
				CLANG_WARN_ENUM_CONVERSION = YES;
				CLANG_WARN_INT_CONVERSION = YES;
				CLANG_WARN_OBJC_ROOT_CLASS = YES_ERROR;
				CLANG_WARN_UNREACHABLE_CODE = YES;
				CLANG_WARN__DUPLICATE_METHOD_MATCH = YES;
				"CODE_SIGN_IDENTITY[sdk=iphoneos*]" = "iPhone Developer";
				COPY_PHASE_STRIP = NO;
				ENABLE_STRICT_OBJC_MSGSEND = YES;
				GCC_C_LANGUAGE_STANDARD = gnu99;
				GCC_DYNAMIC_NO_PIC = NO;
				GCC_OPTIMIZATION_LEVEL = 0;
				GCC_PREPROCESSOR_DEFINITIONS = (
					"DEBUG=1",
					"$(inherited)",
				);
				GCC_SYMBOLS_PRIVATE_EXTERN = NO;
				GCC_WARN_64_TO_32_BIT_CONVERSION = YES;
				GCC_WARN_ABOUT_RETURN_TYPE = YES_ERROR;
				GCC_WARN_UNDECLARED_SELECTOR = YES;
				GCC_WARN_UNINITIALIZED_AUTOS = YES_AGGRESSIVE;
				GCC_WARN_UNUSED_FUNCTION = YES;
				GCC_WARN_UNUSED_VARIABLE = YES;
				IPHONEOS_DEPLOYMENT_TARGET = 8.1;
				MTL_ENABLE_DEBUG_INFO = YES;
				ONLY_ACTIVE_ARCH = YES;
				SDKROOT = iphoneos;
			};
			name = Debug;
		};
		2FC473F31A875E33000BD28C /* Release */ = {
			isa = XCBuildConfiguration;
			buildSettings = {
				ALWAYS_SEARCH_USER_PATHS = NO;
				CLANG_CXX_LANGUAGE_STANDARD = "gnu++0x";
				CLANG_CXX_LIBRARY = "libc++";
				CLANG_ENABLE_MODULES = YES;
				CLANG_ENABLE_OBJC_ARC = YES;
				CLANG_WARN_BOOL_CONVERSION = YES;
				CLANG_WARN_CONSTANT_CONVERSION = YES;
				CLANG_WARN_DIRECT_OBJC_ISA_USAGE = YES_ERROR;
				CLANG_WARN_EMPTY_BODY = YES;
				CLANG_WARN_ENUM_CONVERSION = YES;
				CLANG_WARN_INT_CONVERSION = YES;
				CLANG_WARN_OBJC_ROOT_CLASS = YES_ERROR;
				CLANG_WARN_UNREACHABLE_CODE = YES;
				CLANG_WARN__DUPLICATE_METHOD_MATCH = YES;
				"CODE_SIGN_IDENTITY[sdk=iphoneos*]" = "iPhone Developer";
				COPY_PHASE_STRIP = YES;
				ENABLE_NS_ASSERTIONS = NO;
				ENABLE_STRICT_OBJC_MSGSEND = YES;
				GCC_C_LANGUAGE_STANDARD = gnu99;
				GCC_WARN_64_TO_32_BIT_CONVERSION = YES;
				GCC_WARN_ABOUT_RETURN_TYPE = YES_ERROR;
				GCC_WARN_UNDECLARED_SELECTOR = YES;
				GCC_WARN_UNINITIALIZED_AUTOS = YES_AGGRESSIVE;
				GCC_WARN_UNUSED_FUNCTION = YES;
				GCC_WARN_UNUSED_VARIABLE = YES;
				IPHONEOS_DEPLOYMENT_TARGET = 8.1;
				MTL_ENABLE_DEBUG_INFO = NO;
				SDKROOT = iphoneos;
				VALIDATE_PRODUCT = YES;
			};
			name = Release;
		};
		2FC473F51A875E33000BD28C /* Debug */ = {
			isa = XCBuildConfiguration;
			baseConfigurationReference = 8C34F611E3820F2D2580B7B5 /* Pods.debug.xcconfig */;
			buildSettings = {
				ASSETCATALOG_COMPILER_APPICON_NAME = AppIcon;
				INFOPLIST_FILE = week3homework/Info.plist;
				LD_RUNPATH_SEARCH_PATHS = "$(inherited) @executable_path/Frameworks";
				PRODUCT_NAME = "$(TARGET_NAME)";
			};
			name = Debug;
		};
		2FC473F61A875E33000BD28C /* Release */ = {
			isa = XCBuildConfiguration;
			baseConfigurationReference = A8C86B733CD5A73FE8500F8F /* Pods.release.xcconfig */;
			buildSettings = {
				ASSETCATALOG_COMPILER_APPICON_NAME = AppIcon;
				INFOPLIST_FILE = week3homework/Info.plist;
				LD_RUNPATH_SEARCH_PATHS = "$(inherited) @executable_path/Frameworks";
				PRODUCT_NAME = "$(TARGET_NAME)";
			};
			name = Release;
		};
		2FC473F81A875E33000BD28C /* Debug */ = {
			isa = XCBuildConfiguration;
			buildSettings = {
				BUNDLE_LOADER = "$(TEST_HOST)";
				FRAMEWORK_SEARCH_PATHS = (
					"$(SDKROOT)/Developer/Library/Frameworks",
					"$(inherited)",
				);
				GCC_PREPROCESSOR_DEFINITIONS = (
					"DEBUG=1",
					"$(inherited)",
				);
				INFOPLIST_FILE = week3homeworkTests/Info.plist;
				LD_RUNPATH_SEARCH_PATHS = "$(inherited) @executable_path/Frameworks @loader_path/Frameworks";
				PRODUCT_NAME = "$(TARGET_NAME)";
				TEST_HOST = "$(BUILT_PRODUCTS_DIR)/week3homework.app/week3homework";
			};
			name = Debug;
		};
		2FC473F91A875E33000BD28C /* Release */ = {
			isa = XCBuildConfiguration;
			buildSettings = {
				BUNDLE_LOADER = "$(TEST_HOST)";
				FRAMEWORK_SEARCH_PATHS = (
					"$(SDKROOT)/Developer/Library/Frameworks",
					"$(inherited)",
				);
				INFOPLIST_FILE = week3homeworkTests/Info.plist;
				LD_RUNPATH_SEARCH_PATHS = "$(inherited) @executable_path/Frameworks @loader_path/Frameworks";
				PRODUCT_NAME = "$(TARGET_NAME)";
				TEST_HOST = "$(BUILT_PRODUCTS_DIR)/week3homework.app/week3homework";
			};
			name = Release;
		};
/* End XCBuildConfiguration section */

/* Begin XCConfigurationList section */
		2FC473CC1A875E33000BD28C /* Build configuration list for PBXProject "week3homework" */ = {
			isa = XCConfigurationList;
			buildConfigurations = (
				2FC473F21A875E33000BD28C /* Debug */,
				2FC473F31A875E33000BD28C /* Release */,
			);
			defaultConfigurationIsVisible = 0;
			defaultConfigurationName = Release;
		};
		2FC473F41A875E33000BD28C /* Build configuration list for PBXNativeTarget "week3homework" */ = {
			isa = XCConfigurationList;
			buildConfigurations = (
				2FC473F51A875E33000BD28C /* Debug */,
				2FC473F61A875E33000BD28C /* Release */,
			);
			defaultConfigurationIsVisible = 0;
			defaultConfigurationName = Release;
		};
		2FC473F71A875E33000BD28C /* Build configuration list for PBXNativeTarget "week3homeworkTests" */ = {
			isa = XCConfigurationList;
			buildConfigurations = (
				2FC473F81A875E33000BD28C /* Debug */,
				2FC473F91A875E33000BD28C /* Release */,
			);
			defaultConfigurationIsVisible = 0;
			defaultConfigurationName = Release;
		};
/* End XCConfigurationList section */
	};
	rootObject = 2FC473C91A875E33000BD28C /* Project object */;
}
